// !$*UTF8*$!
{
	archiveVersion = 1;
	classes = {
	};
	objectVersion = 50;
	objects = {

/* Begin PBXBuildFile section */
		C15EFC6A24195B6000DBF255 /* AppDelegate.swift in Sources */ = {isa = PBXBuildFile; fileRef = C15EFC6924195B6000DBF255 /* AppDelegate.swift */; };
		C15EFC6C24195B6000DBF255 /* SceneDelegate.swift in Sources */ = {isa = PBXBuildFile; fileRef = C15EFC6B24195B6000DBF255 /* SceneDelegate.swift */; };
		C15EFC6E24195B6000DBF255 /* ViewController.swift in Sources */ = {isa = PBXBuildFile; fileRef = C15EFC6D24195B6000DBF255 /* ViewController.swift */; };
		C15EFC7124195B6000DBF255 /* Main.storyboard in Resources */ = {isa = PBXBuildFile; fileRef = C15EFC6F24195B6000DBF255 /* Main.storyboard */; };
		C15EFC7324195B6500DBF255 /* Assets.xcassets in Resources */ = {isa = PBXBuildFile; fileRef = C15EFC7224195B6500DBF255 /* Assets.xcassets */; };
		C15EFC7624195B6500DBF255 /* LaunchScreen.storyboard in Resources */ = {isa = PBXBuildFile; fileRef = C15EFC7424195B6500DBF255 /* LaunchScreen.storyboard */; };
		C15EFC8124195B6500DBF255 /* ParstagramTests.swift in Sources */ = {isa = PBXBuildFile; fileRef = C15EFC8024195B6500DBF255 /* ParstagramTests.swift */; };
		C15EFC8C24195B6500DBF255 /* ParstagramUITests.swift in Sources */ = {isa = PBXBuildFile; fileRef = C15EFC8B24195B6500DBF255 /* ParstagramUITests.swift */; };
/* End PBXBuildFile section */

/* Begin PBXContainerItemProxy section */
		C15EFC7D24195B6500DBF255 /* PBXContainerItemProxy */ = {
			isa = PBXContainerItemProxy;
			containerPortal = C15EFC5E24195B6000DBF255 /* Project object */;
			proxyType = 1;
			remoteGlobalIDString = C15EFC6524195B6000DBF255;
			remoteInfo = Parstagram;
		};
		C15EFC8824195B6500DBF255 /* PBXContainerItemProxy */ = {
			isa = PBXContainerItemProxy;
			containerPortal = C15EFC5E24195B6000DBF255 /* Project object */;
			proxyType = 1;
			remoteGlobalIDString = C15EFC6524195B6000DBF255;
			remoteInfo = Parstagram;
		};
/* End PBXContainerItemProxy section */

/* Begin PBXFileReference section */
		C15EFC6624195B6000DBF255 /* Parstagram.app */ = {isa = PBXFileReference; explicitFileType = wrapper.application; includeInIndex = 0; path = Parstagram.app; sourceTree = BUILT_PRODUCTS_DIR; };
		C15EFC6924195B6000DBF255 /* AppDelegate.swift */ = {isa = PBXFileReference; lastKnownFileType = sourcecode.swift; path = AppDelegate.swift; sourceTree = "<group>"; };
		C15EFC6B24195B6000DBF255 /* SceneDelegate.swift */ = {isa = PBXFileReference; lastKnownFileType = sourcecode.swift; path = SceneDelegate.swift; sourceTree = "<group>"; };
		C15EFC6D24195B6000DBF255 /* ViewController.swift */ = {isa = PBXFileReference; lastKnownFileType = sourcecode.swift; path = ViewController.swift; sourceTree = "<group>"; };
		C15EFC7024195B6000DBF255 /* Base */ = {isa = PBXFileReference; lastKnownFileType = file.storyboard; name = Base; path = Base.lproj/Main.storyboard; sourceTree = "<group>"; };
		C15EFC7224195B6500DBF255 /* Assets.xcassets */ = {isa = PBXFileReference; lastKnownFileType = folder.assetcatalog; path = Assets.xcassets; sourceTree = "<group>"; };
		C15EFC7524195B6500DBF255 /* Base */ = {isa = PBXFileReference; lastKnownFileType = file.storyboard; name = Base; path = Base.lproj/LaunchScreen.storyboard; sourceTree = "<group>"; };
		C15EFC7724195B6500DBF255 /* Info.plist */ = {isa = PBXFileReference; lastKnownFileType = text.plist.xml; path = Info.plist; sourceTree = "<group>"; };
		C15EFC7C24195B6500DBF255 /* ParstagramTests.xctest */ = {isa = PBXFileReference; explicitFileType = wrapper.cfbundle; includeInIndex = 0; path = ParstagramTests.xctest; sourceTree = BUILT_PRODUCTS_DIR; };
		C15EFC8024195B6500DBF255 /* ParstagramTests.swift */ = {isa = PBXFileReference; lastKnownFileType = sourcecode.swift; path = ParstagramTests.swift; sourceTree = "<group>"; };
		C15EFC8224195B6500DBF255 /* Info.plist */ = {isa = PBXFileReference; lastKnownFileType = text.plist.xml; path = Info.plist; sourceTree = "<group>"; };
		C15EFC8724195B6500DBF255 /* ParstagramUITests.xctest */ = {isa = PBXFileReference; explicitFileType = wrapper.cfbundle; includeInIndex = 0; path = ParstagramUITests.xctest; sourceTree = BUILT_PRODUCTS_DIR; };
		C15EFC8B24195B6500DBF255 /* ParstagramUITests.swift */ = {isa = PBXFileReference; lastKnownFileType = sourcecode.swift; path = ParstagramUITests.swift; sourceTree = "<group>"; };
		C15EFC8D24195B6500DBF255 /* Info.plist */ = {isa = PBXFileReference; lastKnownFileType = text.plist.xml; path = Info.plist; sourceTree = "<group>"; };
/* End PBXFileReference section */

/* Begin PBXFrameworksBuildPhase section */
		C15EFC6324195B6000DBF255 /* Frameworks */ = {
			isa = PBXFrameworksBuildPhase;
			buildActionMask = 2147483647;
			files = (
			);
			runOnlyForDeploymentPostprocessing = 0;
		};
		C15EFC7924195B6500DBF255 /* Frameworks */ = {
			isa = PBXFrameworksBuildPhase;
			buildActionMask = 2147483647;
			files = (
			);
			runOnlyForDeploymentPostprocessing = 0;
		};
		C15EFC8424195B6500DBF255 /* Frameworks */ = {
			isa = PBXFrameworksBuildPhase;
			buildActionMask = 2147483647;
			files = (
			);
			runOnlyForDeploymentPostprocessing = 0;
		};
/* End PBXFrameworksBuildPhase section */

/* Begin PBXGroup section */
		C15EFC5D24195B6000DBF255 = {
			isa = PBXGroup;
			children = (
				C15EFC6824195B6000DBF255 /* Parstagram */,
				C15EFC7F24195B6500DBF255 /* ParstagramTests */,
				C15EFC8A24195B6500DBF255 /* ParstagramUITests */,
				C15EFC6724195B6000DBF255 /* Products */,
			);
			sourceTree = "<group>";
		};
		C15EFC6724195B6000DBF255 /* Products */ = {
			isa = PBXGroup;
			children = (
				C15EFC6624195B6000DBF255 /* Parstagram.app */,
				C15EFC7C24195B6500DBF255 /* ParstagramTests.xctest */,
				C15EFC8724195B6500DBF255 /* ParstagramUITests.xctest */,
			);
			name = Products;
			sourceTree = "<group>";
		};
		C15EFC6824195B6000DBF255 /* Parstagram */ = {
			isa = PBXGroup;
			children = (
				C15EFC6924195B6000DBF255 /* AppDelegate.swift */,
				C15EFC6B24195B6000DBF255 /* SceneDelegate.swift */,
				C15EFC6D24195B6000DBF255 /* ViewController.swift */,
				C15EFC6F24195B6000DBF255 /* Main.storyboard */,
				C15EFC7224195B6500DBF255 /* Assets.xcassets */,
				C15EFC7424195B6500DBF255 /* LaunchScreen.storyboard */,
				C15EFC7724195B6500DBF255 /* Info.plist */,
			);
			path = Parstagram;
			sourceTree = "<group>";
		};
		C15EFC7F24195B6500DBF255 /* ParstagramTests */ = {
			isa = PBXGroup;
			children = (
				C15EFC8024195B6500DBF255 /* ParstagramTests.swift */,
				C15EFC8224195B6500DBF255 /* Info.plist */,
			);
			path = ParstagramTests;
			sourceTree = "<group>";
		};
		C15EFC8A24195B6500DBF255 /* ParstagramUITests */ = {
			isa = PBXGroup;
			children = (
				C15EFC8B24195B6500DBF255 /* ParstagramUITests.swift */,
				C15EFC8D24195B6500DBF255 /* Info.plist */,
			);
			path = ParstagramUITests;
			sourceTree = "<group>";
		};
/* End PBXGroup section */

/* Begin PBXNativeTarget section */
		C15EFC6524195B6000DBF255 /* Parstagram */ = {
			isa = PBXNativeTarget;
			buildConfigurationList = C15EFC9024195B6500DBF255 /* Build configuration list for PBXNativeTarget "Parstagram" */;
			buildPhases = (
				C15EFC6224195B6000DBF255 /* Sources */,
				C15EFC6324195B6000DBF255 /* Frameworks */,
				C15EFC6424195B6000DBF255 /* Resources */,
			);
			buildRules = (
			);
			dependencies = (
			);
			name = Parstagram;
			productName = Parstagram;
			productReference = C15EFC6624195B6000DBF255 /* Parstagram.app */;
			productType = "com.apple.product-type.application";
		};
		C15EFC7B24195B6500DBF255 /* ParstagramTests */ = {
			isa = PBXNativeTarget;
			buildConfigurationList = C15EFC9324195B6500DBF255 /* Build configuration list for PBXNativeTarget "ParstagramTests" */;
			buildPhases = (
				C15EFC7824195B6500DBF255 /* Sources */,
				C15EFC7924195B6500DBF255 /* Frameworks */,
				C15EFC7A24195B6500DBF255 /* Resources */,
			);
			buildRules = (
			);
			dependencies = (
				C15EFC7E24195B6500DBF255 /* PBXTargetDependency */,
			);
			name = ParstagramTests;
			productName = ParstagramTests;
			productReference = C15EFC7C24195B6500DBF255 /* ParstagramTests.xctest */;
			productType = "com.apple.product-type.bundle.unit-test";
		};
		C15EFC8624195B6500DBF255 /* ParstagramUITests */ = {
			isa = PBXNativeTarget;
			buildConfigurationList = C15EFC9624195B6500DBF255 /* Build configuration list for PBXNativeTarget "ParstagramUITests" */;
			buildPhases = (
				C15EFC8324195B6500DBF255 /* Sources */,
				C15EFC8424195B6500DBF255 /* Frameworks */,
				C15EFC8524195B6500DBF255 /* Resources */,
			);
			buildRules = (
			);
			dependencies = (
				C15EFC8924195B6500DBF255 /* PBXTargetDependency */,
			);
			name = ParstagramUITests;
			productName = ParstagramUITests;
			productReference = C15EFC8724195B6500DBF255 /* ParstagramUITests.xctest */;
			productType = "com.apple.product-type.bundle.ui-testing";
		};
/* End PBXNativeTarget section */

/* Begin PBXProject section */
		C15EFC5E24195B6000DBF255 /* Project object */ = {
			isa = PBXProject;
			attributes = {
				LastSwiftUpdateCheck = 1130;
				LastUpgradeCheck = 1130;
				ORGANIZATIONNAME = "Steven Carey";
				TargetAttributes = {
					C15EFC6524195B6000DBF255 = {
						CreatedOnToolsVersion = 11.3;
					};
					C15EFC7B24195B6500DBF255 = {
						CreatedOnToolsVersion = 11.3;
						TestTargetID = C15EFC6524195B6000DBF255;
					};
					C15EFC8624195B6500DBF255 = {
						CreatedOnToolsVersion = 11.3;
						TestTargetID = C15EFC6524195B6000DBF255;
					};
				};
			};
			buildConfigurationList = C15EFC6124195B6000DBF255 /* Build configuration list for PBXProject "Parstagram" */;
			compatibilityVersion = "Xcode 9.3";
			developmentRegion = en;
			hasScannedForEncodings = 0;
			knownRegions = (
				en,
				Base,
			);
			mainGroup = C15EFC5D24195B6000DBF255;
			productRefGroup = C15EFC6724195B6000DBF255 /* Products */;
			projectDirPath = "";
			projectRoot = "";
			targets = (
				C15EFC6524195B6000DBF255 /* Parstagram */,
				C15EFC7B24195B6500DBF255 /* ParstagramTests */,
				C15EFC8624195B6500DBF255 /* ParstagramUITests */,
			);
		};
/* End PBXProject section */

/* Begin PBXResourcesBuildPhase section */
		C15EFC6424195B6000DBF255 /* Resources */ = {
			isa = PBXResourcesBuildPhase;
			buildActionMask = 2147483647;
			files = (
				C15EFC7624195B6500DBF255 /* LaunchScreen.storyboard in Resources */,
				C15EFC7324195B6500DBF255 /* Assets.xcassets in Resources */,
				C15EFC7124195B6000DBF255 /* Main.storyboard in Resources */,
			);
			runOnlyForDeploymentPostprocessing = 0;
		};
		C15EFC7A24195B6500DBF255 /* Resources */ = {
			isa = PBXResourcesBuildPhase;
			buildActionMask = 2147483647;
			files = (
			);
			runOnlyForDeploymentPostprocessing = 0;
		};
		C15EFC8524195B6500DBF255 /* Resources */ = {
			isa = PBXResourcesBuildPhase;
			buildActionMask = 2147483647;
			files = (
			);
			runOnlyForDeploymentPostprocessing = 0;
		};
/* End PBXResourcesBuildPhase section */

/* Begin PBXSourcesBuildPhase section */
		C15EFC6224195B6000DBF255 /* Sources */ = {
			isa = PBXSourcesBuildPhase;
			buildActionMask = 2147483647;
			files = (
				C15EFC6E24195B6000DBF255 /* ViewController.swift in Sources */,
				C15EFC6A24195B6000DBF255 /* AppDelegate.swift in Sources */,
				C15EFC6C24195B6000DBF255 /* SceneDelegate.swift in Sources */,
			);
			runOnlyForDeploymentPostprocessing = 0;
		};
		C15EFC7824195B6500DBF255 /* Sources */ = {
			isa = PBXSourcesBuildPhase;
			buildActionMask = 2147483647;
			files = (
				C15EFC8124195B6500DBF255 /* ParstagramTests.swift in Sources */,
			);
			runOnlyForDeploymentPostprocessing = 0;
		};
		C15EFC8324195B6500DBF255 /* Sources */ = {
			isa = PBXSourcesBuildPhase;
			buildActionMask = 2147483647;
			files = (
				C15EFC8C24195B6500DBF255 /* ParstagramUITests.swift in Sources */,
			);
			runOnlyForDeploymentPostprocessing = 0;
		};
/* End PBXSourcesBuildPhase section */

/* Begin PBXTargetDependency section */
		C15EFC7E24195B6500DBF255 /* PBXTargetDependency */ = {
			isa = PBXTargetDependency;
			target = C15EFC6524195B6000DBF255 /* Parstagram */;
			targetProxy = C15EFC7D24195B6500DBF255 /* PBXContainerItemProxy */;
		};
		C15EFC8924195B6500DBF255 /* PBXTargetDependency */ = {
			isa = PBXTargetDependency;
			target = C15EFC6524195B6000DBF255 /* Parstagram */;
			targetProxy = C15EFC8824195B6500DBF255 /* PBXContainerItemProxy */;
		};
/* End PBXTargetDependency section */

/* Begin PBXVariantGroup section */
		C15EFC6F24195B6000DBF255 /* Main.storyboard */ = {
			isa = PBXVariantGroup;
			children = (
				C15EFC7024195B6000DBF255 /* Base */,
			);
			name = Main.storyboard;
			sourceTree = "<group>";
		};
		C15EFC7424195B6500DBF255 /* LaunchScreen.storyboard */ = {
			isa = PBXVariantGroup;
			children = (
				C15EFC7524195B6500DBF255 /* Base */,
			);
			name = LaunchScreen.storyboard;
			sourceTree = "<group>";
		};
/* End PBXVariantGroup section */

/* Begin XCBuildConfiguration section */
		C15EFC8E24195B6500DBF255 /* Debug */ = {
			isa = XCBuildConfiguration;
			buildSettings = {
				ALWAYS_SEARCH_USER_PATHS = NO;
				CLANG_ANALYZER_NONNULL = YES;
				CLANG_ANALYZER_NUMBER_OBJECT_CONVERSION = YES_AGGRESSIVE;
				CLANG_CXX_LANGUAGE_STANDARD = "gnu++14";
				CLANG_CXX_LIBRARY = "libc++";
				CLANG_ENABLE_MODULES = YES;
				CLANG_ENABLE_OBJC_ARC = YES;
				CLANG_ENABLE_OBJC_WEAK = YES;
				CLANG_WARN_BLOCK_CAPTURE_AUTORELEASING = YES;
				CLANG_WARN_BOOL_CONVERSION = YES;
				CLANG_WARN_COMMA = YES;
				CLANG_WARN_CONSTANT_CONVERSION = YES;
				CLANG_WARN_DEPRECATED_OBJC_IMPLEMENTATIONS = YES;
				CLANG_WARN_DIRECT_OBJC_ISA_USAGE = YES_ERROR;
				CLANG_WARN_DOCUMENTATION_COMMENTS = YES;
				CLANG_WARN_EMPTY_BODY = YES;
				CLANG_WARN_ENUM_CONVERSION = YES;
				CLANG_WARN_INFINITE_RECURSION = YES;
				CLANG_WARN_INT_CONVERSION = YES;
				CLANG_WARN_NON_LITERAL_NULL_CONVERSION = YES;
				CLANG_WARN_OBJC_IMPLICIT_RETAIN_SELF = YES;
				CLANG_WARN_OBJC_LITERAL_CONVERSION = YES;
				CLANG_WARN_OBJC_ROOT_CLASS = YES_ERROR;
				CLANG_WARN_RANGE_LOOP_ANALYSIS = YES;
				CLANG_WARN_STRICT_PROTOTYPES = YES;
				CLANG_WARN_SUSPICIOUS_MOVE = YES;
				CLANG_WARN_UNGUARDED_AVAILABILITY = YES_AGGRESSIVE;
				CLANG_WARN_UNREACHABLE_CODE = YES;
				CLANG_WARN__DUPLICATE_METHOD_MATCH = YES;
				COPY_PHASE_STRIP = NO;
				DEBUG_INFORMATION_FORMAT = dwarf;
				ENABLE_STRICT_OBJC_MSGSEND = YES;
				ENABLE_TESTABILITY = YES;
				GCC_C_LANGUAGE_STANDARD = gnu11;
				GCC_DYNAMIC_NO_PIC = NO;
				GCC_NO_COMMON_BLOCKS = YES;
				GCC_OPTIMIZATION_LEVEL = 0;
				GCC_PREPROCESSOR_DEFINITIONS = (
					"DEBUG=1",
					"$(inherited)",
				);
				GCC_WARN_64_TO_32_BIT_CONVERSION = YES;
				GCC_WARN_ABOUT_RETURN_TYPE = YES_ERROR;
				GCC_WARN_UNDECLARED_SELECTOR = YES;
				GCC_WARN_UNINITIALIZED_AUTOS = YES_AGGRESSIVE;
				GCC_WARN_UNUSED_FUNCTION = YES;
				GCC_WARN_UNUSED_VARIABLE = YES;
				IPHONEOS_DEPLOYMENT_TARGET = 13.2;
				MTL_ENABLE_DEBUG_INFO = INCLUDE_SOURCE;
				MTL_FAST_MATH = YES;
				ONLY_ACTIVE_ARCH = YES;
				SDKROOT = iphoneos;
				SWIFT_ACTIVE_COMPILATION_CONDITIONS = DEBUG;
				SWIFT_OPTIMIZATION_LEVEL = "-Onone";
			};
			name = Debug;
		};
		C15EFC8F24195B6500DBF255 /* Release */ = {
			isa = XCBuildConfiguration;
			buildSettings = {
				ALWAYS_SEARCH_USER_PATHS = NO;
				CLANG_ANALYZER_NONNULL = YES;
				CLANG_ANALYZER_NUMBER_OBJECT_CONVERSION = YES_AGGRESSIVE;
				CLANG_CXX_LANGUAGE_STANDARD = "gnu++14";
				CLANG_CXX_LIBRARY = "libc++";
				CLANG_ENABLE_MODULES = YES;
				CLANG_ENABLE_OBJC_ARC = YES;
				CLANG_ENABLE_OBJC_WEAK = YES;
				CLANG_WARN_BLOCK_CAPTURE_AUTORELEASING = YES;
				CLANG_WARN_BOOL_CONVERSION = YES;
				CLANG_WARN_COMMA = YES;
				CLANG_WARN_CONSTANT_CONVERSION = YES;
				CLANG_WARN_DEPRECATED_OBJC_IMPLEMENTATIONS = YES;
				CLANG_WARN_DIRECT_OBJC_ISA_USAGE = YES_ERROR;
				CLANG_WARN_DOCUMENTATION_COMMENTS = YES;
				CLANG_WARN_EMPTY_BODY = YES;
				CLANG_WARN_ENUM_CONVERSION = YES;
				CLANG_WARN_INFINITE_RECURSION = YES;
				CLANG_WARN_INT_CONVERSION = YES;
				CLANG_WARN_NON_LITERAL_NULL_CONVERSION = YES;
				CLANG_WARN_OBJC_IMPLICIT_RETAIN_SELF = YES;
				CLANG_WARN_OBJC_LITERAL_CONVERSION = YES;
				CLANG_WARN_OBJC_ROOT_CLASS = YES_ERROR;
				CLANG_WARN_RANGE_LOOP_ANALYSIS = YES;
				CLANG_WARN_STRICT_PROTOTYPES = YES;
				CLANG_WARN_SUSPICIOUS_MOVE = YES;
				CLANG_WARN_UNGUARDED_AVAILABILITY = YES_AGGRESSIVE;
				CLANG_WARN_UNREACHABLE_CODE = YES;
				CLANG_WARN__DUPLICATE_METHOD_MATCH = YES;
				COPY_PHASE_STRIP = NO;
				DEBUG_INFORMATION_FORMAT = "dwarf-with-dsym";
				ENABLE_NS_ASSERTIONS = NO;
				ENABLE_STRICT_OBJC_MSGSEND = YES;
				GCC_C_LANGUAGE_STANDARD = gnu11;
				GCC_NO_COMMON_BLOCKS = YES;
				GCC_WARN_64_TO_32_BIT_CONVERSION = YES;
				GCC_WARN_ABOUT_RETURN_TYPE = YES_ERROR;
				GCC_WARN_UNDECLARED_SELECTOR = YES;
				GCC_WARN_UNINITIALIZED_AUTOS = YES_AGGRESSIVE;
				GCC_WARN_UNUSED_FUNCTION = YES;
				GCC_WARN_UNUSED_VARIABLE = YES;
				IPHONEOS_DEPLOYMENT_TARGET = 13.2;
				MTL_ENABLE_DEBUG_INFO = NO;
				MTL_FAST_MATH = YES;
				SDKROOT = iphoneos;
				SWIFT_COMPILATION_MODE = wholemodule;
				SWIFT_OPTIMIZATION_LEVEL = "-O";
				VALIDATE_PRODUCT = YES;
			};
			name = Release;
		};
		C15EFC9124195B6500DBF255 /* Debug */ = {
			isa = XCBuildConfiguration;
			buildSettings = {
				ASSETCATALOG_COMPILER_APPICON_NAME = AppIcon;
				CODE_SIGN_STYLE = Automatic;
				INFOPLIST_FILE = Parstagram/Info.plist;
				LD_RUNPATH_SEARCH_PATHS = (
					"$(inherited)",
					"@executable_path/Frameworks",
				);
				PRODUCT_BUNDLE_IDENTIFIER = "Steven-Grant-Carey.Parstagram";
				PRODUCT_NAME = "$(TARGET_NAME)";
				SWIFT_VERSION = 5.0;
				TARGETED_DEVICE_FAMILY = "1,2";
			};
			name = Debug;
		};
		C15EFC9224195B6500DBF255 /* Release */ = {
			isa = XCBuildConfiguration;
			buildSettings = {
				ASSETCATALOG_COMPILER_APPICON_NAME = AppIcon;
				CODE_SIGN_STYLE = Automatic;
				INFOPLIST_FILE = Parstagram/Info.plist;
				LD_RUNPATH_SEARCH_PATHS = (
					"$(inherited)",
					"@executable_path/Frameworks",
				);
				PRODUCT_BUNDLE_IDENTIFIER = "Steven-Grant-Carey.Parstagram";
				PRODUCT_NAME = "$(TARGET_NAME)";
				SWIFT_VERSION = 5.0;
				TARGETED_DEVICE_FAMILY = "1,2";
			};
			name = Release;
		};
		C15EFC9424195B6500DBF255 /* Debug */ = {
			isa = XCBuildConfiguration;
			buildSettings = {
				ALWAYS_EMBED_SWIFT_STANDARD_LIBRARIES = YES;
				BUNDLE_LOADER = "$(TEST_HOST)";
				CODE_SIGN_STYLE = Automatic;
				INFOPLIST_FILE = ParstagramTests/Info.plist;
				IPHONEOS_DEPLOYMENT_TARGET = 13.2;
				LD_RUNPATH_SEARCH_PATHS = (
					"$(inherited)",
					"@executable_path/Frameworks",
					"@loader_path/Frameworks",
				);
				PRODUCT_BUNDLE_IDENTIFIER = "Steven-Grant-Carey.ParstagramTests";
				PRODUCT_NAME = "$(TARGET_NAME)";
				SWIFT_VERSION = 5.0;
				TARGETED_DEVICE_FAMILY = "1,2";
				TEST_HOST = "$(BUILT_PRODUCTS_DIR)/Parstagram.app/Parstagram";
			};
			name = Debug;
		};
		C15EFC9524195B6500DBF255 /* Release */ = {
			isa = XCBuildConfiguration;
			buildSettings = {
				ALWAYS_EMBED_SWIFT_STANDARD_LIBRARIES = YES;
				BUNDLE_LOADER = "$(TEST_HOST)";
				CODE_SIGN_STYLE = Automatic;
				INFOPLIST_FILE = ParstagramTests/Info.plist;
				IPHONEOS_DEPLOYMENT_TARGET = 13.2;
				LD_RUNPATH_SEARCH_PATHS = (
					"$(inherited)",
					"@executable_path/Frameworks",
					"@loader_path/Frameworks",
				);
				PRODUCT_BUNDLE_IDENTIFIER = "Steven-Grant-Carey.ParstagramTests";
				PRODUCT_NAME = "$(TARGET_NAME)";
				SWIFT_VERSION = 5.0;
				TARGETED_DEVICE_FAMILY = "1,2";
				TEST_HOST = "$(BUILT_PRODUCTS_DIR)/Parstagram.app/Parstagram";
			};
			name = Release;
		};
		C15EFC9724195B6500DBF255 /* Debug */ = {
			isa = XCBuildConfiguration;
			buildSettings = {
				ALWAYS_EMBED_SWIFT_STANDARD_LIBRARIES = YES;
				CODE_SIGN_STYLE = Automatic;
				INFOPLIST_FILE = ParstagramUITests/Info.plist;
				LD_RUNPATH_SEARCH_PATHS = (
					"$(inherited)",
					"@executable_path/Frameworks",
					"@loader_path/Frameworks",
				);
				PRODUCT_BUNDLE_IDENTIFIER = "Steven-Grant-Carey.ParstagramUITests";
				PRODUCT_NAME = "$(TARGET_NAME)";
				SWIFT_VERSION = 5.0;
				TARGETED_DEVICE_FAMILY = "1,2";
				TEST_TARGET_NAME = Parstagram;
			};
			name = Debug;
		};
		C15EFC9824195B6500DBF255 /* Release */ = {
			isa = XCBuildConfiguration;
			buildSettings = {
				ALWAYS_EMBED_SWIFT_STANDARD_LIBRARIES = YES;
				CODE_SIGN_STYLE = Automatic;
				INFOPLIST_FILE = ParstagramUITests/Info.plist;
				LD_RUNPATH_SEARCH_PATHS = (
					"$(inherited)",
					"@executable_path/Frameworks",
					"@loader_path/Frameworks",
				);
				PRODUCT_BUNDLE_IDENTIFIER = "Steven-Grant-Carey.ParstagramUITests";
				PRODUCT_NAME = "$(TARGET_NAME)";
				SWIFT_VERSION = 5.0;
				TARGETED_DEVICE_FAMILY = "1,2";
				TEST_TARGET_NAME = Parstagram;
			};
			name = Release;
		};
/* End XCBuildConfiguration section */

/* Begin XCConfigurationList section */
		C15EFC6124195B6000DBF255 /* Build configuration list for PBXProject "Parstagram" */ = {
			isa = XCConfigurationList;
			buildConfigurations = (
				C15EFC8E24195B6500DBF255 /* Debug */,
				C15EFC8F24195B6500DBF255 /* Release */,
			);
			defaultConfigurationIsVisible = 0;
			defaultConfigurationName = Release;
		};
		C15EFC9024195B6500DBF255 /* Build configuration list for PBXNativeTarget "Parstagram" */ = {
			isa = XCConfigurationList;
			buildConfigurations = (
				C15EFC9124195B6500DBF255 /* Debug */,
				C15EFC9224195B6500DBF255 /* Release */,
			);
			defaultConfigurationIsVisible = 0;
			defaultConfigurationName = Release;
		};
		C15EFC9324195B6500DBF255 /* Build configuration list for PBXNativeTarget "ParstagramTests" */ = {
			isa = XCConfigurationList;
			buildConfigurations = (
				C15EFC9424195B6500DBF255 /* Debug */,
				C15EFC9524195B6500DBF255 /* Release */,
			);
			defaultConfigurationIsVisible = 0;
			defaultConfigurationName = Release;
		};
		C15EFC9624195B6500DBF255 /* Build configuration list for PBXNativeTarget "ParstagramUITests" */ = {
			isa = XCConfigurationList;
			buildConfigurations = (
				C15EFC9724195B6500DBF255 /* Debug */,
				C15EFC9824195B6500DBF255 /* Release */,
			);
			defaultConfigurationIsVisible = 0;
			defaultConfigurationName = Release;
		};
/* End XCConfigurationList section */
	};
	rootObject = C15EFC5E24195B6000DBF255 /* Project object */;
}
